<Solution>
  <Configurations>
    <Platform Name="Any CPU" />
    <Platform Name="x64" />
    <Platform Name="x86" />
  </Configurations>
  <Folder Name="/tests/">
    <Project Path="tests/MyItems.Tests/MyItems.Tests.csproj" />
  </Folder>
  <Project Path="src/MyItems/MyItems.csproj" />
</Solution>
